
Microsoft Visual Studio Solution File, Format Version 12.00
# Visual Studio Version 17
VisualStudioVersion = 17.7.34024.191
MinimumVisualStudioVersion = 10.0.40219.1
Project("{9A19103F-16F7-4668-BE54-9A1E7A4F7556}") = "MBSI.WebAPI", "MBSI.WebAPI\MBSI.WebAPI.csproj", "{B9DADC70-CA3F-4954-B471-DCF9B43461AB}"
EndProject
Project("{9A19103F-16F7-4668-BE54-9A1E7A4F7556}") = "MBSI.BL", "MBSI.BL\MBSI.BL.csproj", "{350AE145-D22B-4585-9BB9-0D159A986C7E}"
EndProject
Project("{FAE04EC0-301F-11D3-BF4B-00C04F79EFBC}") = "MBSI.DAL", "MBSI.DAL\MBSI.DAL.csproj", "{D619BE1B-9849-4810-8E91-278F256B9700}"
EndProject
Project("{FAE04EC0-301F-11D3-BF4B-00C04F79EFBC}") = "MBSI.Logger", "MBSI.Logger\MBSI.Logger.csproj", "{C2DF0C78-A51A-4ACA-B384-7B36E2DFED76}"
EndProject
Project("{FAE04EC0-301F-11D3-BF4B-00C04F79EFBC}") = "MBSI.Models", "MBSI.Models\MBSI.Models.csproj", "{AEA2FD0D-B4CC-4EEF-9A31-1B3A20D5ED6C}"
EndProject
Global
	GlobalSection(SolutionConfigurationPlatforms) = preSolution
		Debug|Any CPU = Debug|Any CPU
		Release|Any CPU = Release|Any CPU
	EndGlobalSection
	GlobalSection(ProjectConfigurationPlatforms) = postSolution
		{B9DADC70-CA3F-4954-B471-DCF9B43461AB}.Debug|Any CPU.ActiveCfg = Debug|Any CPU
		{B9DADC70-CA3F-4954-B471-DCF9B43461AB}.Debug|Any CPU.Build.0 = Debug|Any CPU
		{B9DADC70-CA3F-4954-B471-DCF9B43461AB}.Release|Any CPU.ActiveCfg = Release|Any CPU
		{B9DADC70-CA3F-4954-B471-DCF9B43461AB}.Release|Any CPU.Build.0 = Release|Any CPU
		{350AE145-D22B-4585-9BB9-0D159A986C7E}.Debug|Any CPU.ActiveCfg = Debug|Any CPU
		{350AE145-D22B-4585-9BB9-0D159A986C7E}.Debug|Any CPU.Build.0 = Debug|Any CPU
		{350AE145-D22B-4585-9BB9-0D159A986C7E}.Release|Any CPU.ActiveCfg = Release|Any CPU
		{350AE145-D22B-4585-9BB9-0D159A986C7E}.Release|Any CPU.Build.0 = Release|Any CPU
		{D619BE1B-9849-4810-8E91-278F256B9700}.Debug|Any CPU.ActiveCfg = Debug|Any CPU
		{D619BE1B-9849-4810-8E91-278F256B9700}.Debug|Any CPU.Build.0 = Debug|Any CPU
		{D619BE1B-9849-4810-8E91-278F256B9700}.Release|Any CPU.ActiveCfg = Release|Any CPU
		{D619BE1B-9849-4810-8E91-278F256B9700}.Release|Any CPU.Build.0 = Release|Any CPU
		{C2DF0C78-A51A-4ACA-B384-7B36E2DFED76}.Debug|Any CPU.ActiveCfg = Debug|Any CPU
		{C2DF0C78-A51A-4ACA-B384-7B36E2DFED76}.Debug|Any CPU.Build.0 = Debug|Any CPU
		{C2DF0C78-A51A-4ACA-B384-7B36E2DFED76}.Release|Any CPU.ActiveCfg = Release|Any CPU
		{C2DF0C78-A51A-4ACA-B384-7B36E2DFED76}.Release|Any CPU.Build.0 = Release|Any CPU
		{AEA2FD0D-B4CC-4EEF-9A31-1B3A20D5ED6C}.Debug|Any CPU.ActiveCfg = Debug|Any CPU
		{AEA2FD0D-B4CC-4EEF-9A31-1B3A20D5ED6C}.Debug|Any CPU.Build.0 = Debug|Any CPU
		{AEA2FD0D-B4CC-4EEF-9A31-1B3A20D5ED6C}.Release|Any CPU.ActiveCfg = Release|Any CPU
		{AEA2FD0D-B4CC-4EEF-9A31-1B3A20D5ED6C}.Release|Any CPU.Build.0 = Release|Any CPU
	EndGlobalSection
	GlobalSection(SolutionProperties) = preSolution
		HideSolutionNode = FALSE
	EndGlobalSection
	GlobalSection(ExtensibilityGlobals) = postSolution
		SolutionGuid = {E3B93949-0056-43DA-AD3A-3A7F52CA8212}
	EndGlobalSection
EndGlobal
